
Microsoft Visual Studio Solution File, Format Version 12.00
# Visual Studio Version 16
VisualStudioVersion = 16.0.30804.86
MinimumVisualStudioVersion = 10.0.40219.1
Project("{FAE04EC0-301F-11D3-BF4B-00C04F79EFBC}") = "MyMap", "MyMap.csproj", "{8583A2F2-269B-4772-9CE0-1CC6DE7AB6AA}"
EndProject
Global
	GlobalSection(SolutionConfigurationPlatforms) = preSolution
		Debug|ARM = Debug|ARM
		Debug|ARM64 = Debug|ARM64
		Debug|x64 = Debug|x64
		Debug|x86 = Debug|x86
		Release|ARM = Release|ARM
		Release|ARM64 = Release|ARM64
		Release|x64 = Release|x64
		Release|x86 = Release|x86
	EndGlobalSection
	GlobalSection(ProjectConfigurationPlatforms) = postSolution
		{8583A2F2-269B-4772-9CE0-1CC6DE7AB6AA}.Debug|ARM.ActiveCfg = Debug|ARM
		{8583A2F2-269B-4772-9CE0-1CC6DE7AB6AA}.Debug|ARM.Build.0 = Debug|ARM
		{8583A2F2-269B-4772-9CE0-1CC6DE7AB6AA}.Debug|ARM.Deploy.0 = Debug|ARM
		{8583A2F2-269B-4772-9CE0-1CC6DE7AB6AA}.Debug|ARM64.ActiveCfg = Debug|ARM64
		{8583A2F2-269B-4772-9CE0-1CC6DE7AB6AA}.Debug|ARM64.Build.0 = Debug|ARM64
		{8583A2F2-269B-4772-9CE0-1CC6DE7AB6AA}.Debug|ARM64.Deploy.0 = Debug|ARM64
		{8583A2F2-269B-4772-9CE0-1CC6DE7AB6AA}.Debug|x64.ActiveCfg = Debug|x64
		{8583A2F2-269B-4772-9CE0-1CC6DE7AB6AA}.Debug|x64.Build.0 = Debug|x64
		{8583A2F2-269B-4772-9CE0-1CC6DE7AB6AA}.Debug|x64.Deploy.0 = Debug|x64
		{8583A2F2-269B-4772-9CE0-1CC6DE7AB6AA}.Debug|x86.ActiveCfg = Debug|x86
		{8583A2F2-269B-4772-9CE0-1CC6DE7AB6AA}.Debug|x86.Build.0 = Debug|x86
		{8583A2F2-269B-4772-9CE0-1CC6DE7AB6AA}.Debug|x86.Deploy.0 = Debug|x86
		{8583A2F2-269B-4772-9CE0-1CC6DE7AB6AA}.Release|ARM.ActiveCfg = Release|ARM
		{8583A2F2-269B-4772-9CE0-1CC6DE7AB6AA}.Release|ARM.Build.0 = Release|ARM
		{8583A2F2-269B-4772-9CE0-1CC6DE7AB6AA}.Release|ARM.Deploy.0 = Release|ARM
		{8583A2F2-269B-4772-9CE0-1CC6DE7AB6AA}.Release|ARM64.ActiveCfg = Release|ARM64
		{8583A2F2-269B-4772-9CE0-1CC6DE7AB6AA}.Release|ARM64.Build.0 = Release|ARM64
		{8583A2F2-269B-4772-9CE0-1CC6DE7AB6AA}.Release|ARM64.Deploy.0 = Release|ARM64
		{8583A2F2-269B-4772-9CE0-1CC6DE7AB6AA}.Release|x64.ActiveCfg = Release|x64
		{8583A2F2-269B-4772-9CE0-1CC6DE7AB6AA}.Release|x64.Build.0 = Release|x64
		{8583A2F2-269B-4772-9CE0-1CC6DE7AB6AA}.Release|x64.Deploy.0 = Release|x64
		{8583A2F2-269B-4772-9CE0-1CC6DE7AB6AA}.Release|x86.ActiveCfg = Release|x86
		{8583A2F2-269B-4772-9CE0-1CC6DE7AB6AA}.Release|x86.Build.0 = Release|x86
		{8583A2F2-269B-4772-9CE0-1CC6DE7AB6AA}.Release|x86.Deploy.0 = Release|x86
	EndGlobalSection
	GlobalSection(SolutionProperties) = preSolution
		HideSolutionNode = FALSE
	EndGlobalSection
	GlobalSection(ExtensibilityGlobals) = postSolution
		SolutionGuid = {8994418E-B0C4-44B2-9AF0-8320531D1791}
	EndGlobalSection
EndGlobal
